
Microsoft Visual Studio Solution File, Format Version 12.00
# Visual Studio Version 16
VisualStudioVersion = 16.0.30621.155
MinimumVisualStudioVersion = 10.0.40219.1
Project("{FAE04EC0-301F-11D3-BF4B-00C04F79EFBC}") = "ISET2020 SystemeExpert Console", "ISET2020 SystemeExpert Console\ISET2020 SystemeExpert Console.csproj", "{3FC7055C-93D4-4991-8C08-A1BE700825EE}"
EndProject
Global
	GlobalSection(SolutionConfigurationPlatforms) = preSolution
		Debug|Any CPU = Debug|Any CPU
		Release|Any CPU = Release|Any CPU
	EndGlobalSection
	GlobalSection(ProjectConfigurationPlatforms) = postSolution
		{3FC7055C-93D4-4991-8C08-A1BE700825EE}.Debug|Any CPU.ActiveCfg = Debug|Any CPU
		{3FC7055C-93D4-4991-8C08-A1BE700825EE}.Debug|Any CPU.Build.0 = Debug|Any CPU
		{3FC7055C-93D4-4991-8C08-A1BE700825EE}.Release|Any CPU.ActiveCfg = Release|Any CPU
		{3FC7055C-93D4-4991-8C08-A1BE700825EE}.Release|Any CPU.Build.0 = Release|Any CPU
	EndGlobalSection
	GlobalSection(SolutionProperties) = preSolution
		HideSolutionNode = FALSE
	EndGlobalSection
	GlobalSection(ExtensibilityGlobals) = postSolution
		SolutionGuid = {C1F838A9-A25A-4AA1-99FC-67EA0153CD7B}
	EndGlobalSection
EndGlobal
